
Microsoft Visual Studio Solution File, Format Version 12.00
# Visual Studio 15
VisualStudioVersion = 15.0.27130.2036
MinimumVisualStudioVersion = 10.0.40219.1
Project("{FAE04EC0-301F-11D3-BF4B-00C04F79EFBC}") = "Password Generator", "Password Generator\Password Generator.csproj", "{7881CBC5-116F-4CF1-B4F3-5C4C32503B3D}"
EndProject
Global
	GlobalSection(SolutionConfigurationPlatforms) = preSolution
		Debug|Any CPU = Debug|Any CPU
		Release|Any CPU = Release|Any CPU
	EndGlobalSection
	GlobalSection(ProjectConfigurationPlatforms) = postSolution
		{7881CBC5-116F-4CF1-B4F3-5C4C32503B3D}.Debug|Any CPU.ActiveCfg = Debug|Any CPU
		{7881CBC5-116F-4CF1-B4F3-5C4C32503B3D}.Debug|Any CPU.Build.0 = Debug|Any CPU
		{7881CBC5-116F-4CF1-B4F3-5C4C32503B3D}.Release|Any CPU.ActiveCfg = Release|Any CPU
		{7881CBC5-116F-4CF1-B4F3-5C4C32503B3D}.Release|Any CPU.Build.0 = Release|Any CPU
	EndGlobalSection
	GlobalSection(SolutionProperties) = preSolution
		HideSolutionNode = FALSE
	EndGlobalSection
	GlobalSection(ExtensibilityGlobals) = postSolution
		SolutionGuid = {B9434FC6-FD63-489C-AD6C-D56B76701132}
	EndGlobalSection
EndGlobal
